// !$*UTF8*$!
{
	archiveVersion = 1;
	classes = {
	};
	objectVersion = 50;
	objects = {

/* Begin PBXBuildFile section */
		153FD47E00B7BBBAEE8E7EC5 /* libPods-concertAppUITests.a in Frameworks */ = {isa = PBXBuildFile; fileRef = BF66AEA557AAC5CA03F7F412 /* libPods-concertAppUITests.a */; };
		374A83F9EA658D8C7C1811B3 /* libPods-concertApp.a in Frameworks */ = {isa = PBXBuildFile; fileRef = D88EC17D3D648579B7D214F8 /* libPods-concertApp.a */; };
		83B90AE2B98FEE9BE2D3C3EA /* libPods-concertAppTests.a in Frameworks */ = {isa = PBXBuildFile; fileRef = 8C30C4CF6CF7F473B2039A0A /* libPods-concertAppTests.a */; };
		CE0FCEB52155EA5A00A055AC /* AppDelegate.m in Sources */ = {isa = PBXBuildFile; fileRef = CE0FCEB42155EA5A00A055AC /* AppDelegate.m */; };
		CE0FCEB82155EA5A00A055AC /* ViewController.m in Sources */ = {isa = PBXBuildFile; fileRef = CE0FCEB72155EA5A00A055AC /* ViewController.m */; };
		CE0FCEBB2155EA5A00A055AC /* Main.storyboard in Resources */ = {isa = PBXBuildFile; fileRef = CE0FCEB92155EA5A00A055AC /* Main.storyboard */; };
		CE0FCEBD2155EA5A00A055AC /* Assets.xcassets in Resources */ = {isa = PBXBuildFile; fileRef = CE0FCEBC2155EA5A00A055AC /* Assets.xcassets */; };
		CE0FCEC02155EA5A00A055AC /* LaunchScreen.storyboard in Resources */ = {isa = PBXBuildFile; fileRef = CE0FCEBE2155EA5A00A055AC /* LaunchScreen.storyboard */; };
		CE0FCEC32155EA5A00A055AC /* main.m in Sources */ = {isa = PBXBuildFile; fileRef = CE0FCEC22155EA5A00A055AC /* main.m */; };
		CE0FCECD2155EA5A00A055AC /* concertAppTests.m in Sources */ = {isa = PBXBuildFile; fileRef = CE0FCECC2155EA5A00A055AC /* concertAppTests.m */; };
		CE0FCED82155EA5A00A055AC /* concertAppUITests.m in Sources */ = {isa = PBXBuildFile; fileRef = CE0FCED72155EA5A00A055AC /* concertAppUITests.m */; };
		CE0FCEE92155F28800A055AC /* UploadViewController.m in Sources */ = {isa = PBXBuildFile; fileRef = CE0FCEE82155F28800A055AC /* UploadViewController.m */; };
		CE0FCEF021566C7D00A055AC /* NearMeViewController.m in Sources */ = {isa = PBXBuildFile; fileRef = CE0FCEEF21566C7D00A055AC /* NearMeViewController.m */; };
		CE0FCEF721566CB100A055AC /* MyPlaylistsViewController.m in Sources */ = {isa = PBXBuildFile; fileRef = CE0FCEF621566CB100A055AC /* MyPlaylistsViewController.m */; };
		CE0FCEFA21566F2F00A055AC /* PosterCell.m in Sources */ = {isa = PBXBuildFile; fileRef = CE0FCEF921566F2F00A055AC /* PosterCell.m */; };
		CE0FCF0021567C1500A055AC /* SpotifyMetadata.framework in Frameworks */ = {isa = PBXBuildFile; fileRef = CE0FCEFD21567C1400A055AC /* SpotifyMetadata.framework */; };
		CE0FCF0121567C1500A055AC /* SpotifyAuthentication.framework in Frameworks */ = {isa = PBXBuildFile; fileRef = CE0FCEFE21567C1500A055AC /* SpotifyAuthentication.framework */; };
		CE0FCF0221567C1500A055AC /* SpotifyAudioPlayback.framework in Frameworks */ = {isa = PBXBuildFile; fileRef = CE0FCEFF21567C1500A055AC /* SpotifyAudioPlayback.framework */; };
		CE0FCF0621567CBB00A055AC /* SpotifySingleton.m in Sources */ = {isa = PBXBuildFile; fileRef = CE0FCF0521567CBB00A055AC /* SpotifySingleton.m */; };
		CE0FCF0921567CD100A055AC /* BackendAPIManager.m in Sources */ = {isa = PBXBuildFile; fileRef = CE0FCF0821567CD100A055AC /* BackendAPIManager.m */; };
		CE0FCF0C21567CE000A055AC /* SpotifyDataManager.m in Sources */ = {isa = PBXBuildFile; fileRef = CE0FCF0B21567CE000A055AC /* SpotifyDataManager.m */; };
		CE0FCF1021568AF600A055AC /* SpotifySong.m in Sources */ = {isa = PBXBuildFile; fileRef = CE0FCF0F21568AF600A055AC /* SpotifySong.m */; };
		CE0FCF1321569B7300A055AC /* SongCell.m in Sources */ = {isa = PBXBuildFile; fileRef = CE0FCF1221569B7300A055AC /* SongCell.m */; };
		CE0FCF152156A11B00A055AC /* GoogleService-Info.plist in Resources */ = {isa = PBXBuildFile; fileRef = CE0FCF142156A11B00A055AC /* GoogleService-Info.plist */; };
/* End PBXBuildFile section */

/* Begin PBXContainerItemProxy section */
		CE0FCEC92155EA5A00A055AC /* PBXContainerItemProxy */ = {
			isa = PBXContainerItemProxy;
			containerPortal = CE0FCEA82155EA5A00A055AC /* Project object */;
			proxyType = 1;
			remoteGlobalIDString = CE0FCEAF2155EA5A00A055AC;
			remoteInfo = concertApp;
		};
		CE0FCED42155EA5A00A055AC /* PBXContainerItemProxy */ = {
			isa = PBXContainerItemProxy;
			containerPortal = CE0FCEA82155EA5A00A055AC /* Project object */;
			proxyType = 1;
			remoteGlobalIDString = CE0FCEAF2155EA5A00A055AC;
			remoteInfo = concertApp;
		};
/* End PBXContainerItemProxy section */

/* Begin PBXFileReference section */
		15EBB2BE5E2AC67AB404CC7B /* Pods-concertAppUITests.debug.xcconfig */ = {isa = PBXFileReference; includeInIndex = 1; lastKnownFileType = text.xcconfig; name = "Pods-concertAppUITests.debug.xcconfig"; path = "Pods/Target Support Files/Pods-concertAppUITests/Pods-concertAppUITests.debug.xcconfig"; sourceTree = "<group>"; };
		40769EF0FD0AA9C3985B4A82 /* Pods-concertApp.release.xcconfig */ = {isa = PBXFileReference; includeInIndex = 1; lastKnownFileType = text.xcconfig; name = "Pods-concertApp.release.xcconfig"; path = "Pods/Target Support Files/Pods-concertApp/Pods-concertApp.release.xcconfig"; sourceTree = "<group>"; };
		86A65629526EB7CA895BEF93 /* Pods-concertAppUITests.release.xcconfig */ = {isa = PBXFileReference; includeInIndex = 1; lastKnownFileType = text.xcconfig; name = "Pods-concertAppUITests.release.xcconfig"; path = "Pods/Target Support Files/Pods-concertAppUITests/Pods-concertAppUITests.release.xcconfig"; sourceTree = "<group>"; };
		8C30C4CF6CF7F473B2039A0A /* libPods-concertAppTests.a */ = {isa = PBXFileReference; explicitFileType = archive.ar; includeInIndex = 0; path = "libPods-concertAppTests.a"; sourceTree = BUILT_PRODUCTS_DIR; };
		BF66AEA557AAC5CA03F7F412 /* libPods-concertAppUITests.a */ = {isa = PBXFileReference; explicitFileType = archive.ar; includeInIndex = 0; path = "libPods-concertAppUITests.a"; sourceTree = BUILT_PRODUCTS_DIR; };
		CE0FCEB02155EA5A00A055AC /* concertApp.app */ = {isa = PBXFileReference; explicitFileType = wrapper.application; includeInIndex = 0; path = concertApp.app; sourceTree = BUILT_PRODUCTS_DIR; };
		CE0FCEB32155EA5A00A055AC /* AppDelegate.h */ = {isa = PBXFileReference; lastKnownFileType = sourcecode.c.h; path = AppDelegate.h; sourceTree = "<group>"; };
		CE0FCEB42155EA5A00A055AC /* AppDelegate.m */ = {isa = PBXFileReference; lastKnownFileType = sourcecode.c.objc; path = AppDelegate.m; sourceTree = "<group>"; };
		CE0FCEB62155EA5A00A055AC /* ViewController.h */ = {isa = PBXFileReference; lastKnownFileType = sourcecode.c.h; path = ViewController.h; sourceTree = "<group>"; };
		CE0FCEB72155EA5A00A055AC /* ViewController.m */ = {isa = PBXFileReference; lastKnownFileType = sourcecode.c.objc; path = ViewController.m; sourceTree = "<group>"; };
		CE0FCEBA2155EA5A00A055AC /* Base */ = {isa = PBXFileReference; lastKnownFileType = file.storyboard; name = Base; path = Base.lproj/Main.storyboard; sourceTree = "<group>"; };
		CE0FCEBC2155EA5A00A055AC /* Assets.xcassets */ = {isa = PBXFileReference; lastKnownFileType = folder.assetcatalog; path = Assets.xcassets; sourceTree = "<group>"; };
		CE0FCEBF2155EA5A00A055AC /* Base */ = {isa = PBXFileReference; lastKnownFileType = file.storyboard; name = Base; path = Base.lproj/LaunchScreen.storyboard; sourceTree = "<group>"; };
		CE0FCEC12155EA5A00A055AC /* Info.plist */ = {isa = PBXFileReference; lastKnownFileType = text.plist.xml; path = Info.plist; sourceTree = "<group>"; };
		CE0FCEC22155EA5A00A055AC /* main.m */ = {isa = PBXFileReference; lastKnownFileType = sourcecode.c.objc; path = main.m; sourceTree = "<group>"; };
		CE0FCEC82155EA5A00A055AC /* concertAppTests.xctest */ = {isa = PBXFileReference; explicitFileType = wrapper.cfbundle; includeInIndex = 0; path = concertAppTests.xctest; sourceTree = BUILT_PRODUCTS_DIR; };
		CE0FCECC2155EA5A00A055AC /* concertAppTests.m */ = {isa = PBXFileReference; lastKnownFileType = sourcecode.c.objc; path = concertAppTests.m; sourceTree = "<group>"; };
		CE0FCECE2155EA5A00A055AC /* Info.plist */ = {isa = PBXFileReference; lastKnownFileType = text.plist.xml; path = Info.plist; sourceTree = "<group>"; };
		CE0FCED32155EA5A00A055AC /* concertAppUITests.xctest */ = {isa = PBXFileReference; explicitFileType = wrapper.cfbundle; includeInIndex = 0; path = concertAppUITests.xctest; sourceTree = BUILT_PRODUCTS_DIR; };
		CE0FCED72155EA5A00A055AC /* concertAppUITests.m */ = {isa = PBXFileReference; lastKnownFileType = sourcecode.c.objc; path = concertAppUITests.m; sourceTree = "<group>"; };
		CE0FCED92155EA5A00A055AC /* Info.plist */ = {isa = PBXFileReference; lastKnownFileType = text.plist.xml; path = Info.plist; sourceTree = "<group>"; };
		CE0FCEE72155F28800A055AC /* UploadViewController.h */ = {isa = PBXFileReference; lastKnownFileType = sourcecode.c.h; path = UploadViewController.h; sourceTree = "<group>"; };
		CE0FCEE82155F28800A055AC /* UploadViewController.m */ = {isa = PBXFileReference; lastKnownFileType = sourcecode.c.objc; path = UploadViewController.m; sourceTree = "<group>"; };
		CE0FCEEE21566C7D00A055AC /* NearMeViewController.h */ = {isa = PBXFileReference; lastKnownFileType = sourcecode.c.h; path = NearMeViewController.h; sourceTree = "<group>"; };
		CE0FCEEF21566C7D00A055AC /* NearMeViewController.m */ = {isa = PBXFileReference; lastKnownFileType = sourcecode.c.objc; path = NearMeViewController.m; sourceTree = "<group>"; };
		CE0FCEF521566CB100A055AC /* MyPlaylistsViewController.h */ = {isa = PBXFileReference; lastKnownFileType = sourcecode.c.h; path = MyPlaylistsViewController.h; sourceTree = "<group>"; };
		CE0FCEF621566CB100A055AC /* MyPlaylistsViewController.m */ = {isa = PBXFileReference; lastKnownFileType = sourcecode.c.objc; path = MyPlaylistsViewController.m; sourceTree = "<group>"; };
		CE0FCEF821566F2F00A055AC /* PosterCell.h */ = {isa = PBXFileReference; lastKnownFileType = sourcecode.c.h; path = PosterCell.h; sourceTree = "<group>"; };
		CE0FCEF921566F2F00A055AC /* PosterCell.m */ = {isa = PBXFileReference; lastKnownFileType = sourcecode.c.objc; path = PosterCell.m; sourceTree = "<group>"; };
		CE0FCEFD21567C1400A055AC /* SpotifyMetadata.framework */ = {isa = PBXFileReference; lastKnownFileType = wrapper.framework; path = SpotifyMetadata.framework; sourceTree = "<group>"; };
		CE0FCEFE21567C1500A055AC /* SpotifyAuthentication.framework */ = {isa = PBXFileReference; lastKnownFileType = wrapper.framework; path = SpotifyAuthentication.framework; sourceTree = "<group>"; };
		CE0FCEFF21567C1500A055AC /* SpotifyAudioPlayback.framework */ = {isa = PBXFileReference; lastKnownFileType = wrapper.framework; path = SpotifyAudioPlayback.framework; sourceTree = "<group>"; };
		CE0FCF0421567CBB00A055AC /* SpotifySingleton.h */ = {isa = PBXFileReference; lastKnownFileType = sourcecode.c.h; path = SpotifySingleton.h; sourceTree = "<group>"; };
		CE0FCF0521567CBB00A055AC /* SpotifySingleton.m */ = {isa = PBXFileReference; lastKnownFileType = sourcecode.c.objc; path = SpotifySingleton.m; sourceTree = "<group>"; };
		CE0FCF0721567CD100A055AC /* BackendAPIManager.h */ = {isa = PBXFileReference; lastKnownFileType = sourcecode.c.h; path = BackendAPIManager.h; sourceTree = "<group>"; };
		CE0FCF0821567CD100A055AC /* BackendAPIManager.m */ = {isa = PBXFileReference; lastKnownFileType = sourcecode.c.objc; path = BackendAPIManager.m; sourceTree = "<group>"; };
		CE0FCF0A21567CE000A055AC /* SpotifyDataManager.h */ = {isa = PBXFileReference; lastKnownFileType = sourcecode.c.h; path = SpotifyDataManager.h; sourceTree = "<group>"; };
		CE0FCF0B21567CE000A055AC /* SpotifyDataManager.m */ = {isa = PBXFileReference; lastKnownFileType = sourcecode.c.objc; path = SpotifyDataManager.m; sourceTree = "<group>"; };
		CE0FCF0E21568AF600A055AC /* SpotifySong.h */ = {isa = PBXFileReference; lastKnownFileType = sourcecode.c.h; path = SpotifySong.h; sourceTree = "<group>"; };
		CE0FCF0F21568AF600A055AC /* SpotifySong.m */ = {isa = PBXFileReference; lastKnownFileType = sourcecode.c.objc; path = SpotifySong.m; sourceTree = "<group>"; };
		CE0FCF1121569B7300A055AC /* SongCell.h */ = {isa = PBXFileReference; lastKnownFileType = sourcecode.c.h; path = SongCell.h; sourceTree = "<group>"; };
		CE0FCF1221569B7300A055AC /* SongCell.m */ = {isa = PBXFileReference; lastKnownFileType = sourcecode.c.objc; path = SongCell.m; sourceTree = "<group>"; };
		CE0FCF142156A11B00A055AC /* GoogleService-Info.plist */ = {isa = PBXFileReference; fileEncoding = 4; lastKnownFileType = text.plist.xml; path = "GoogleService-Info.plist"; sourceTree = "<group>"; };
		D88EC17D3D648579B7D214F8 /* libPods-concertApp.a */ = {isa = PBXFileReference; explicitFileType = archive.ar; includeInIndex = 0; path = "libPods-concertApp.a"; sourceTree = BUILT_PRODUCTS_DIR; };
		E6B087066A8B96A1875A5DC8 /* Pods-concertAppTests.debug.xcconfig */ = {isa = PBXFileReference; includeInIndex = 1; lastKnownFileType = text.xcconfig; name = "Pods-concertAppTests.debug.xcconfig"; path = "Pods/Target Support Files/Pods-concertAppTests/Pods-concertAppTests.debug.xcconfig"; sourceTree = "<group>"; };
		FAB23891AA5DFA8DCF913162 /* Pods-concertAppTests.release.xcconfig */ = {isa = PBXFileReference; includeInIndex = 1; lastKnownFileType = text.xcconfig; name = "Pods-concertAppTests.release.xcconfig"; path = "Pods/Target Support Files/Pods-concertAppTests/Pods-concertAppTests.release.xcconfig"; sourceTree = "<group>"; };
		FC11F4E63CF507808EE219E7 /* Pods-concertApp.debug.xcconfig */ = {isa = PBXFileReference; includeInIndex = 1; lastKnownFileType = text.xcconfig; name = "Pods-concertApp.debug.xcconfig"; path = "Pods/Target Support Files/Pods-concertApp/Pods-concertApp.debug.xcconfig"; sourceTree = "<group>"; };
/* End PBXFileReference section */

/* Begin PBXFrameworksBuildPhase section */
		CE0FCEAD2155EA5A00A055AC /* Frameworks */ = {
			isa = PBXFrameworksBuildPhase;
			buildActionMask = 2147483647;
			files = (
				CE0FCF0021567C1500A055AC /* SpotifyMetadata.framework in Frameworks */,
				CE0FCF0221567C1500A055AC /* SpotifyAudioPlayback.framework in Frameworks */,
				CE0FCF0121567C1500A055AC /* SpotifyAuthentication.framework in Frameworks */,
				374A83F9EA658D8C7C1811B3 /* libPods-concertApp.a in Frameworks */,
			);
			runOnlyForDeploymentPostprocessing = 0;
		};
		CE0FCEC52155EA5A00A055AC /* Frameworks */ = {
			isa = PBXFrameworksBuildPhase;
			buildActionMask = 2147483647;
			files = (
				83B90AE2B98FEE9BE2D3C3EA /* libPods-concertAppTests.a in Frameworks */,
			);
			runOnlyForDeploymentPostprocessing = 0;
		};
		CE0FCED02155EA5A00A055AC /* Frameworks */ = {
			isa = PBXFrameworksBuildPhase;
			buildActionMask = 2147483647;
			files = (
				153FD47E00B7BBBAEE8E7EC5 /* libPods-concertAppUITests.a in Frameworks */,
			);
			runOnlyForDeploymentPostprocessing = 0;
		};
/* End PBXFrameworksBuildPhase section */

/* Begin PBXGroup section */
		910BD4F5345B65F047F928F4 /* Frameworks */ = {
			isa = PBXGroup;
			children = (
				CE0FCEFF21567C1500A055AC /* SpotifyAudioPlayback.framework */,
				CE0FCEFE21567C1500A055AC /* SpotifyAuthentication.framework */,
				CE0FCEFD21567C1400A055AC /* SpotifyMetadata.framework */,
				D88EC17D3D648579B7D214F8 /* libPods-concertApp.a */,
				8C30C4CF6CF7F473B2039A0A /* libPods-concertAppTests.a */,
				BF66AEA557AAC5CA03F7F412 /* libPods-concertAppUITests.a */,
			);
			name = Frameworks;
			sourceTree = "<group>";
		};
		9DAF35B0BC19A45709A904CA /* Pods */ = {
			isa = PBXGroup;
			children = (
				FC11F4E63CF507808EE219E7 /* Pods-concertApp.debug.xcconfig */,
				40769EF0FD0AA9C3985B4A82 /* Pods-concertApp.release.xcconfig */,
				E6B087066A8B96A1875A5DC8 /* Pods-concertAppTests.debug.xcconfig */,
				FAB23891AA5DFA8DCF913162 /* Pods-concertAppTests.release.xcconfig */,
				15EBB2BE5E2AC67AB404CC7B /* Pods-concertAppUITests.debug.xcconfig */,
				86A65629526EB7CA895BEF93 /* Pods-concertAppUITests.release.xcconfig */,
			);
			name = Pods;
			sourceTree = "<group>";
		};
		CE0FCEA72155EA5A00A055AC = {
			isa = PBXGroup;
			children = (
				CE0FCEB22155EA5A00A055AC /* concertApp */,
				CE0FCECB2155EA5A00A055AC /* concertAppTests */,
				CE0FCED62155EA5A00A055AC /* concertAppUITests */,
				CE0FCEB12155EA5A00A055AC /* Products */,
				9DAF35B0BC19A45709A904CA /* Pods */,
				910BD4F5345B65F047F928F4 /* Frameworks */,
			);
			sourceTree = "<group>";
		};
		CE0FCEB12155EA5A00A055AC /* Products */ = {
			isa = PBXGroup;
			children = (
				CE0FCEB02155EA5A00A055AC /* concertApp.app */,
				CE0FCEC82155EA5A00A055AC /* concertAppTests.xctest */,
				CE0FCED32155EA5A00A055AC /* concertAppUITests.xctest */,
			);
			name = Products;
			sourceTree = "<group>";
		};
		CE0FCEB22155EA5A00A055AC /* concertApp */ = {
			isa = PBXGroup;
			children = (
				CE0FCF0D21568AE700A055AC /* Models */,
				CE0FCF0321567C9600A055AC /* Util */,
				CE0FCEF121566C8800A055AC /* CMUMyPlaylists */,
				CE0FCEEA21566BED00A055AC /* CMUNearMe */,
				CE0FCEE52155F25900A055AC /* CMUImageUpload */,
				CE0FCEB32155EA5A00A055AC /* AppDelegate.h */,
				CE0FCEB42155EA5A00A055AC /* AppDelegate.m */,
				CE0FCEB62155EA5A00A055AC /* ViewController.h */,
				CE0FCEB72155EA5A00A055AC /* ViewController.m */,
				CE0FCEB92155EA5A00A055AC /* Main.storyboard */,
				CE0FCEBC2155EA5A00A055AC /* Assets.xcassets */,
				CE0FCEBE2155EA5A00A055AC /* LaunchScreen.storyboard */,
				CE0FCEC12155EA5A00A055AC /* Info.plist */,
				CE0FCF142156A11B00A055AC /* GoogleService-Info.plist */,
				CE0FCEC22155EA5A00A055AC /* main.m */,
			);
			path = concertApp;
			sourceTree = "<group>";
		};
		CE0FCECB2155EA5A00A055AC /* concertAppTests */ = {
			isa = PBXGroup;
			children = (
				CE0FCECC2155EA5A00A055AC /* concertAppTests.m */,
				CE0FCECE2155EA5A00A055AC /* Info.plist */,
			);
			path = concertAppTests;
			sourceTree = "<group>";
		};
		CE0FCED62155EA5A00A055AC /* concertAppUITests */ = {
			isa = PBXGroup;
			children = (
				CE0FCED72155EA5A00A055AC /* concertAppUITests.m */,
				CE0FCED92155EA5A00A055AC /* Info.plist */,
			);
			path = concertAppUITests;
			sourceTree = "<group>";
		};
		CE0FCEE52155F25900A055AC /* CMUImageUpload */ = {
			isa = PBXGroup;
			children = (
				CE0FCEE62155F27900A055AC /* Controllers */,
			);
			path = CMUImageUpload;
			sourceTree = "<group>";
		};
		CE0FCEE62155F27900A055AC /* Controllers */ = {
			isa = PBXGroup;
			children = (
				CE0FCEE72155F28800A055AC /* UploadViewController.h */,
				CE0FCEE82155F28800A055AC /* UploadViewController.m */,
			);
			path = Controllers;
			sourceTree = "<group>";
		};
		CE0FCEEA21566BED00A055AC /* CMUNearMe */ = {
			isa = PBXGroup;
			children = (
				CE0FCEED21566BFE00A055AC /* Controllers */,
				CE0FCEEC21566BF900A055AC /* Views */,
				CE0FCEEB21566BF400A055AC /* Models */,
			);
			path = CMUNearMe;
			sourceTree = "<group>";
		};
		CE0FCEEB21566BF400A055AC /* Models */ = {
			isa = PBXGroup;
			children = (
			);
			path = Models;
			sourceTree = "<group>";
		};
		CE0FCEEC21566BF900A055AC /* Views */ = {
			isa = PBXGroup;
			children = (
				CE0FCEF821566F2F00A055AC /* PosterCell.h */,
				CE0FCEF921566F2F00A055AC /* PosterCell.m */,
			);
			path = Views;
			sourceTree = "<group>";
		};
		CE0FCEED21566BFE00A055AC /* Controllers */ = {
			isa = PBXGroup;
			children = (
				CE0FCEEE21566C7D00A055AC /* NearMeViewController.h */,
				CE0FCEEF21566C7D00A055AC /* NearMeViewController.m */,
			);
			path = Controllers;
			sourceTree = "<group>";
		};
		CE0FCEF121566C8800A055AC /* CMUMyPlaylists */ = {
			isa = PBXGroup;
			children = (
				CE0FCEF421566C9F00A055AC /* Controllers */,
				CE0FCEF321566C9B00A055AC /* Views */,
				CE0FCEF221566C9400A055AC /* Models */,
			);
			path = CMUMyPlaylists;
			sourceTree = "<group>";
		};
		CE0FCEF221566C9400A055AC /* Models */ = {
			isa = PBXGroup;
			children = (
			);
			path = Models;
			sourceTree = "<group>";
		};
		CE0FCEF321566C9B00A055AC /* Views */ = {
			isa = PBXGroup;
			children = (
				CE0FCF1121569B7300A055AC /* SongCell.h */,
				CE0FCF1221569B7300A055AC /* SongCell.m */,
			);
			path = Views;
			sourceTree = "<group>";
		};
		CE0FCEF421566C9F00A055AC /* Controllers */ = {
			isa = PBXGroup;
			children = (
				CE0FCEF521566CB100A055AC /* MyPlaylistsViewController.h */,
				CE0FCEF621566CB100A055AC /* MyPlaylistsViewController.m */,
			);
			path = Controllers;
			sourceTree = "<group>";
		};
		CE0FCF0321567C9600A055AC /* Util */ = {
			isa = PBXGroup;
			children = (
				CE0FCF0421567CBB00A055AC /* SpotifySingleton.h */,
				CE0FCF0521567CBB00A055AC /* SpotifySingleton.m */,
				CE0FCF0721567CD100A055AC /* BackendAPIManager.h */,
				CE0FCF0821567CD100A055AC /* BackendAPIManager.m */,
				CE0FCF0A21567CE000A055AC /* SpotifyDataManager.h */,
				CE0FCF0B21567CE000A055AC /* SpotifyDataManager.m */,
			);
			path = Util;
			sourceTree = "<group>";
		};
		CE0FCF0D21568AE700A055AC /* Models */ = {
			isa = PBXGroup;
			children = (
				CE0FCF0E21568AF600A055AC /* SpotifySong.h */,
				CE0FCF0F21568AF600A055AC /* SpotifySong.m */,
			);
			path = Models;
			sourceTree = "<group>";
		};
/* End PBXGroup section */

/* Begin PBXNativeTarget section */
		CE0FCEAF2155EA5A00A055AC /* concertApp */ = {
			isa = PBXNativeTarget;
			buildConfigurationList = CE0FCEDC2155EA5A00A055AC /* Build configuration list for PBXNativeTarget "concertApp" */;
			buildPhases = (
				3FDFD6D3C6DAD4240E8FC947 /* [CP] Check Pods Manifest.lock */,
				CE0FCEAC2155EA5A00A055AC /* Sources */,
				CE0FCEAD2155EA5A00A055AC /* Frameworks */,
				CE0FCEAE2155EA5A00A055AC /* Resources */,
			);
			buildRules = (
			);
			dependencies = (
			);
			name = concertApp;
			productName = concertApp;
			productReference = CE0FCEB02155EA5A00A055AC /* concertApp.app */;
			productType = "com.apple.product-type.application";
		};
		CE0FCEC72155EA5A00A055AC /* concertAppTests */ = {
			isa = PBXNativeTarget;
			buildConfigurationList = CE0FCEDF2155EA5A00A055AC /* Build configuration list for PBXNativeTarget "concertAppTests" */;
			buildPhases = (
				D73D983EC76286B3A4728F1C /* [CP] Check Pods Manifest.lock */,
				CE0FCEC42155EA5A00A055AC /* Sources */,
				CE0FCEC52155EA5A00A055AC /* Frameworks */,
				CE0FCEC62155EA5A00A055AC /* Resources */,
			);
			buildRules = (
			);
			dependencies = (
				CE0FCECA2155EA5A00A055AC /* PBXTargetDependency */,
			);
			name = concertAppTests;
			productName = concertAppTests;
			productReference = CE0FCEC82155EA5A00A055AC /* concertAppTests.xctest */;
			productType = "com.apple.product-type.bundle.unit-test";
		};
		CE0FCED22155EA5A00A055AC /* concertAppUITests */ = {
			isa = PBXNativeTarget;
			buildConfigurationList = CE0FCEE22155EA5A00A055AC /* Build configuration list for PBXNativeTarget "concertAppUITests" */;
			buildPhases = (
				1EFE37F99DFDC840CCC7AB69 /* [CP] Check Pods Manifest.lock */,
				CE0FCECF2155EA5A00A055AC /* Sources */,
				CE0FCED02155EA5A00A055AC /* Frameworks */,
				CE0FCED12155EA5A00A055AC /* Resources */,
			);
			buildRules = (
			);
			dependencies = (
				CE0FCED52155EA5A00A055AC /* PBXTargetDependency */,
			);
			name = concertAppUITests;
			productName = concertAppUITests;
			productReference = CE0FCED32155EA5A00A055AC /* concertAppUITests.xctest */;
			productType = "com.apple.product-type.bundle.ui-testing";
		};
/* End PBXNativeTarget section */

/* Begin PBXProject section */
		CE0FCEA82155EA5A00A055AC /* Project object */ = {
			isa = PBXProject;
			attributes = {
				LastUpgradeCheck = 1000;
				ORGANIZATIONNAME = "Connor Clancy";
				TargetAttributes = {
					CE0FCEAF2155EA5A00A055AC = {
						CreatedOnToolsVersion = 10.0;
					};
					CE0FCEC72155EA5A00A055AC = {
						CreatedOnToolsVersion = 10.0;
						TestTargetID = CE0FCEAF2155EA5A00A055AC;
					};
					CE0FCED22155EA5A00A055AC = {
						CreatedOnToolsVersion = 10.0;
						TestTargetID = CE0FCEAF2155EA5A00A055AC;
					};
				};
			};
			buildConfigurationList = CE0FCEAB2155EA5A00A055AC /* Build configuration list for PBXProject "concertApp" */;
			compatibilityVersion = "Xcode 9.3";
			developmentRegion = en;
			hasScannedForEncodings = 0;
			knownRegions = (
				en,
				Base,
			);
			mainGroup = CE0FCEA72155EA5A00A055AC;
			productRefGroup = CE0FCEB12155EA5A00A055AC /* Products */;
			projectDirPath = "";
			projectRoot = "";
			targets = (
				CE0FCEAF2155EA5A00A055AC /* concertApp */,
				CE0FCEC72155EA5A00A055AC /* concertAppTests */,
				CE0FCED22155EA5A00A055AC /* concertAppUITests */,
			);
		};
/* End PBXProject section */

/* Begin PBXResourcesBuildPhase section */
		CE0FCEAE2155EA5A00A055AC /* Resources */ = {
			isa = PBXResourcesBuildPhase;
			buildActionMask = 2147483647;
			files = (
				CE0FCEC02155EA5A00A055AC /* LaunchScreen.storyboard in Resources */,
				CE0FCF152156A11B00A055AC /* GoogleService-Info.plist in Resources */,
				CE0FCEBD2155EA5A00A055AC /* Assets.xcassets in Resources */,
				CE0FCEBB2155EA5A00A055AC /* Main.storyboard in Resources */,
			);
			runOnlyForDeploymentPostprocessing = 0;
		};
		CE0FCEC62155EA5A00A055AC /* Resources */ = {
			isa = PBXResourcesBuildPhase;
			buildActionMask = 2147483647;
			files = (
			);
			runOnlyForDeploymentPostprocessing = 0;
		};
		CE0FCED12155EA5A00A055AC /* Resources */ = {
			isa = PBXResourcesBuildPhase;
			buildActionMask = 2147483647;
			files = (
			);
			runOnlyForDeploymentPostprocessing = 0;
		};
/* End PBXResourcesBuildPhase section */

/* Begin PBXShellScriptBuildPhase section */
		1EFE37F99DFDC840CCC7AB69 /* [CP] Check Pods Manifest.lock */ = {
			isa = PBXShellScriptBuildPhase;
			buildActionMask = 2147483647;
			files = (
			);
			inputFileListPaths = (
			);
			inputPaths = (
				"${PODS_PODFILE_DIR_PATH}/Podfile.lock",
				"${PODS_ROOT}/Manifest.lock",
			);
			name = "[CP] Check Pods Manifest.lock";
			outputFileListPaths = (
			);
			outputPaths = (
				"$(DERIVED_FILE_DIR)/Pods-concertAppUITests-checkManifestLockResult.txt",
			);
			runOnlyForDeploymentPostprocessing = 0;
			shellPath = /bin/sh;
			shellScript = "diff \"${PODS_PODFILE_DIR_PATH}/Podfile.lock\" \"${PODS_ROOT}/Manifest.lock\" > /dev/null\nif [ $? != 0 ] ; then\n    # print error to STDERR\n    echo \"error: The sandbox is not in sync with the Podfile.lock. Run 'pod install' or update your CocoaPods installation.\" >&2\n    exit 1\nfi\n# This output is used by Xcode 'outputs' to avoid re-running this script phase.\necho \"SUCCESS\" > \"${SCRIPT_OUTPUT_FILE_0}\"\n";
			showEnvVarsInLog = 0;
		};
		3FDFD6D3C6DAD4240E8FC947 /* [CP] Check Pods Manifest.lock */ = {
			isa = PBXShellScriptBuildPhase;
			buildActionMask = 2147483647;
			files = (
			);
			inputFileListPaths = (
			);
			inputPaths = (
				"${PODS_PODFILE_DIR_PATH}/Podfile.lock",
				"${PODS_ROOT}/Manifest.lock",
			);
			name = "[CP] Check Pods Manifest.lock";
			outputFileListPaths = (
			);
			outputPaths = (
				"$(DERIVED_FILE_DIR)/Pods-concertApp-checkManifestLockResult.txt",
			);
			runOnlyForDeploymentPostprocessing = 0;
			shellPath = /bin/sh;
			shellScript = "diff \"${PODS_PODFILE_DIR_PATH}/Podfile.lock\" \"${PODS_ROOT}/Manifest.lock\" > /dev/null\nif [ $? != 0 ] ; then\n    # print error to STDERR\n    echo \"error: The sandbox is not in sync with the Podfile.lock. Run 'pod install' or update your CocoaPods installation.\" >&2\n    exit 1\nfi\n# This output is used by Xcode 'outputs' to avoid re-running this script phase.\necho \"SUCCESS\" > \"${SCRIPT_OUTPUT_FILE_0}\"\n";
			showEnvVarsInLog = 0;
		};
		D73D983EC76286B3A4728F1C /* [CP] Check Pods Manifest.lock */ = {
			isa = PBXShellScriptBuildPhase;
			buildActionMask = 2147483647;
			files = (
			);
			inputFileListPaths = (
			);
			inputPaths = (
				"${PODS_PODFILE_DIR_PATH}/Podfile.lock",
				"${PODS_ROOT}/Manifest.lock",
			);
			name = "[CP] Check Pods Manifest.lock";
			outputFileListPaths = (
			);
			outputPaths = (
				"$(DERIVED_FILE_DIR)/Pods-concertAppTests-checkManifestLockResult.txt",
			);
			runOnlyForDeploymentPostprocessing = 0;
			shellPath = /bin/sh;
			shellScript = "diff \"${PODS_PODFILE_DIR_PATH}/Podfile.lock\" \"${PODS_ROOT}/Manifest.lock\" > /dev/null\nif [ $? != 0 ] ; then\n    # print error to STDERR\n    echo \"error: The sandbox is not in sync with the Podfile.lock. Run 'pod install' or update your CocoaPods installation.\" >&2\n    exit 1\nfi\n# This output is used by Xcode 'outputs' to avoid re-running this script phase.\necho \"SUCCESS\" > \"${SCRIPT_OUTPUT_FILE_0}\"\n";
			showEnvVarsInLog = 0;
		};
/* End PBXShellScriptBuildPhase section */

/* Begin PBXSourcesBuildPhase section */
		CE0FCEAC2155EA5A00A055AC /* Sources */ = {
			isa = PBXSourcesBuildPhase;
			buildActionMask = 2147483647;
			files = (
				CE0FCEF721566CB100A055AC /* MyPlaylistsViewController.m in Sources */,
				CE0FCEFA21566F2F00A055AC /* PosterCell.m in Sources */,
				CE0FCF0C21567CE000A055AC /* SpotifyDataManager.m in Sources */,
				CE0FCEB82155EA5A00A055AC /* ViewController.m in Sources */,
				CE0FCF0921567CD100A055AC /* BackendAPIManager.m in Sources */,
				CE0FCF1021568AF600A055AC /* SpotifySong.m in Sources */,
				CE0FCEE92155F28800A055AC /* UploadViewController.m in Sources */,
				CE0FCEC32155EA5A00A055AC /* main.m in Sources */,
				CE0FCF1321569B7300A055AC /* SongCell.m in Sources */,
				CE0FCEB52155EA5A00A055AC /* AppDelegate.m in Sources */,
				CE0FCF0621567CBB00A055AC /* SpotifySingleton.m in Sources */,
				CE0FCEF021566C7D00A055AC /* NearMeViewController.m in Sources */,
			);
			runOnlyForDeploymentPostprocessing = 0;
		};
		CE0FCEC42155EA5A00A055AC /* Sources */ = {
			isa = PBXSourcesBuildPhase;
			buildActionMask = 2147483647;
			files = (
				CE0FCECD2155EA5A00A055AC /* concertAppTests.m in Sources */,
			);
			runOnlyForDeploymentPostprocessing = 0;
		};
		CE0FCECF2155EA5A00A055AC /* Sources */ = {
			isa = PBXSourcesBuildPhase;
			buildActionMask = 2147483647;
			files = (
				CE0FCED82155EA5A00A055AC /* concertAppUITests.m in Sources */,
			);
			runOnlyForDeploymentPostprocessing = 0;
		};
/* End PBXSourcesBuildPhase section */

/* Begin PBXTargetDependency section */
		CE0FCECA2155EA5A00A055AC /* PBXTargetDependency */ = {
			isa = PBXTargetDependency;
			target = CE0FCEAF2155EA5A00A055AC /* concertApp */;
			targetProxy = CE0FCEC92155EA5A00A055AC /* PBXContainerItemProxy */;
		};
		CE0FCED52155EA5A00A055AC /* PBXTargetDependency */ = {
			isa = PBXTargetDependency;
			target = CE0FCEAF2155EA5A00A055AC /* concertApp */;
			targetProxy = CE0FCED42155EA5A00A055AC /* PBXContainerItemProxy */;
		};
/* End PBXTargetDependency section */

/* Begin PBXVariantGroup section */
		CE0FCEB92155EA5A00A055AC /* Main.storyboard */ = {
			isa = PBXVariantGroup;
			children = (
				CE0FCEBA2155EA5A00A055AC /* Base */,
			);
			name = Main.storyboard;
			sourceTree = "<group>";
		};
		CE0FCEBE2155EA5A00A055AC /* LaunchScreen.storyboard */ = {
			isa = PBXVariantGroup;
			children = (
				CE0FCEBF2155EA5A00A055AC /* Base */,
			);
			name = LaunchScreen.storyboard;
			sourceTree = "<group>";
		};
/* End PBXVariantGroup section */

/* Begin XCBuildConfiguration section */
		CE0FCEDA2155EA5A00A055AC /* Debug */ = {
			isa = XCBuildConfiguration;
			buildSettings = {
				ALWAYS_SEARCH_USER_PATHS = NO;
				CLANG_ANALYZER_NONNULL = YES;
				CLANG_ANALYZER_NUMBER_OBJECT_CONVERSION = YES_AGGRESSIVE;
				CLANG_CXX_LANGUAGE_STANDARD = "gnu++14";
				CLANG_CXX_LIBRARY = "libc++";
				CLANG_ENABLE_MODULES = YES;
				CLANG_ENABLE_OBJC_ARC = YES;
				CLANG_ENABLE_OBJC_WEAK = YES;
				CLANG_WARN_BLOCK_CAPTURE_AUTORELEASING = YES;
				CLANG_WARN_BOOL_CONVERSION = YES;
				CLANG_WARN_COMMA = YES;
				CLANG_WARN_CONSTANT_CONVERSION = YES;
				CLANG_WARN_DEPRECATED_OBJC_IMPLEMENTATIONS = YES;
				CLANG_WARN_DIRECT_OBJC_ISA_USAGE = YES_ERROR;
				CLANG_WARN_DOCUMENTATION_COMMENTS = YES;
				CLANG_WARN_EMPTY_BODY = YES;
				CLANG_WARN_ENUM_CONVERSION = YES;
				CLANG_WARN_INFINITE_RECURSION = YES;
				CLANG_WARN_INT_CONVERSION = YES;
				CLANG_WARN_NON_LITERAL_NULL_CONVERSION = YES;
				CLANG_WARN_OBJC_IMPLICIT_RETAIN_SELF = YES;
				CLANG_WARN_OBJC_LITERAL_CONVERSION = YES;
				CLANG_WARN_OBJC_ROOT_CLASS = YES_ERROR;
				CLANG_WARN_RANGE_LOOP_ANALYSIS = YES;
				CLANG_WARN_STRICT_PROTOTYPES = YES;
				CLANG_WARN_SUSPICIOUS_MOVE = YES;
				CLANG_WARN_UNGUARDED_AVAILABILITY = YES_AGGRESSIVE;
				CLANG_WARN_UNREACHABLE_CODE = YES;
				CLANG_WARN__DUPLICATE_METHOD_MATCH = YES;
				CODE_SIGN_IDENTITY = "iPhone Developer";
				COPY_PHASE_STRIP = NO;
				DEBUG_INFORMATION_FORMAT = dwarf;
				ENABLE_STRICT_OBJC_MSGSEND = YES;
				ENABLE_TESTABILITY = YES;
				GCC_C_LANGUAGE_STANDARD = gnu11;
				GCC_DYNAMIC_NO_PIC = NO;
				GCC_NO_COMMON_BLOCKS = YES;
				GCC_OPTIMIZATION_LEVEL = 0;
				GCC_PREPROCESSOR_DEFINITIONS = (
					"DEBUG=1",
					"$(inherited)",
				);
				GCC_WARN_64_TO_32_BIT_CONVERSION = YES;
				GCC_WARN_ABOUT_RETURN_TYPE = YES_ERROR;
				GCC_WARN_UNDECLARED_SELECTOR = YES;
				GCC_WARN_UNINITIALIZED_AUTOS = YES_AGGRESSIVE;
				GCC_WARN_UNUSED_FUNCTION = YES;
				GCC_WARN_UNUSED_VARIABLE = YES;
				IPHONEOS_DEPLOYMENT_TARGET = 12.0;
				MTL_ENABLE_DEBUG_INFO = INCLUDE_SOURCE;
				MTL_FAST_MATH = YES;
				ONLY_ACTIVE_ARCH = YES;
				SDKROOT = iphoneos;
			};
			name = Debug;
		};
		CE0FCEDB2155EA5A00A055AC /* Release */ = {
			isa = XCBuildConfiguration;
			buildSettings = {
				ALWAYS_SEARCH_USER_PATHS = NO;
				CLANG_ANALYZER_NONNULL = YES;
				CLANG_ANALYZER_NUMBER_OBJECT_CONVERSION = YES_AGGRESSIVE;
				CLANG_CXX_LANGUAGE_STANDARD = "gnu++14";
				CLANG_CXX_LIBRARY = "libc++";
				CLANG_ENABLE_MODULES = YES;
				CLANG_ENABLE_OBJC_ARC = YES;
				CLANG_ENABLE_OBJC_WEAK = YES;
				CLANG_WARN_BLOCK_CAPTURE_AUTORELEASING = YES;
				CLANG_WARN_BOOL_CONVERSION = YES;
				CLANG_WARN_COMMA = YES;
				CLANG_WARN_CONSTANT_CONVERSION = YES;
				CLANG_WARN_DEPRECATED_OBJC_IMPLEMENTATIONS = YES;
				CLANG_WARN_DIRECT_OBJC_ISA_USAGE = YES_ERROR;
				CLANG_WARN_DOCUMENTATION_COMMENTS = YES;
				CLANG_WARN_EMPTY_BODY = YES;
				CLANG_WARN_ENUM_CONVERSION = YES;
				CLANG_WARN_INFINITE_RECURSION = YES;
				CLANG_WARN_INT_CONVERSION = YES;
				CLANG_WARN_NON_LITERAL_NULL_CONVERSION = YES;
				CLANG_WARN_OBJC_IMPLICIT_RETAIN_SELF = YES;
				CLANG_WARN_OBJC_LITERAL_CONVERSION = YES;
				CLANG_WARN_OBJC_ROOT_CLASS = YES_ERROR;
				CLANG_WARN_RANGE_LOOP_ANALYSIS = YES;
				CLANG_WARN_STRICT_PROTOTYPES = YES;
				CLANG_WARN_SUSPICIOUS_MOVE = YES;
				CLANG_WARN_UNGUARDED_AVAILABILITY = YES_AGGRESSIVE;
				CLANG_WARN_UNREACHABLE_CODE = YES;
				CLANG_WARN__DUPLICATE_METHOD_MATCH = YES;
				CODE_SIGN_IDENTITY = "iPhone Developer";
				COPY_PHASE_STRIP = NO;
				DEBUG_INFORMATION_FORMAT = "dwarf-with-dsym";
				ENABLE_NS_ASSERTIONS = NO;
				ENABLE_STRICT_OBJC_MSGSEND = YES;
				GCC_C_LANGUAGE_STANDARD = gnu11;
				GCC_NO_COMMON_BLOCKS = YES;
				GCC_WARN_64_TO_32_BIT_CONVERSION = YES;
				GCC_WARN_ABOUT_RETURN_TYPE = YES_ERROR;
				GCC_WARN_UNDECLARED_SELECTOR = YES;
				GCC_WARN_UNINITIALIZED_AUTOS = YES_AGGRESSIVE;
				GCC_WARN_UNUSED_FUNCTION = YES;
				GCC_WARN_UNUSED_VARIABLE = YES;
				IPHONEOS_DEPLOYMENT_TARGET = 12.0;
				MTL_ENABLE_DEBUG_INFO = NO;
				MTL_FAST_MATH = YES;
				SDKROOT = iphoneos;
				VALIDATE_PRODUCT = YES;
			};
			name = Release;
		};
		CE0FCEDD2155EA5A00A055AC /* Debug */ = {
			isa = XCBuildConfiguration;
			baseConfigurationReference = FC11F4E63CF507808EE219E7 /* Pods-concertApp.debug.xcconfig */;
			buildSettings = {
				ASSETCATALOG_COMPILER_APPICON_NAME = AppIcon;
				CODE_SIGN_STYLE = Automatic;
				DEVELOPMENT_TEAM = HDF54N6KHN;
				FRAMEWORK_SEARCH_PATHS = (
					"$(inherited)",
					"$(PROJECT_DIR)",
				);
				INFOPLIST_FILE = concertApp/Info.plist;
				LD_RUNPATH_SEARCH_PATHS = (
					"$(inherited)",
					"@executable_path/Frameworks",
				);
				PRODUCT_BUNDLE_IDENTIFIER = hackCMU.concertApp;
				PRODUCT_NAME = "$(TARGET_NAME)";
				TARGETED_DEVICE_FAMILY = "1,2";
			};
			name = Debug;
		};
		CE0FCEDE2155EA5A00A055AC /* Release */ = {
			isa = XCBuildConfiguration;
			baseConfigurationReference = 40769EF0FD0AA9C3985B4A82 /* Pods-concertApp.release.xcconfig */;
			buildSettings = {
				ASSETCATALOG_COMPILER_APPICON_NAME = AppIcon;
				CODE_SIGN_STYLE = Automatic;
				DEVELOPMENT_TEAM = HDF54N6KHN;
				FRAMEWORK_SEARCH_PATHS = (
					"$(inherited)",
					"$(PROJECT_DIR)",
				);
				INFOPLIST_FILE = concertApp/Info.plist;
				LD_RUNPATH_SEARCH_PATHS = (
					"$(inherited)",
					"@executable_path/Frameworks",
				);
				PRODUCT_BUNDLE_IDENTIFIER = hackCMU.concertApp;
				PRODUCT_NAME = "$(TARGET_NAME)";
				TARGETED_DEVICE_FAMILY = "1,2";
			};
			name = Release;
		};
		CE0FCEE02155EA5A00A055AC /* Debug */ = {
			isa = XCBuildConfiguration;
			baseConfigurationReference = E6B087066A8B96A1875A5DC8 /* Pods-concertAppTests.debug.xcconfig */;
			buildSettings = {
				BUNDLE_LOADER = "$(TEST_HOST)";
				CODE_SIGN_STYLE = Automatic;
				DEVELOPMENT_TEAM = HDF54N6KHN;
				INFOPLIST_FILE = concertAppTests/Info.plist;
				LD_RUNPATH_SEARCH_PATHS = (
					"$(inherited)",
					"@executable_path/Frameworks",
					"@loader_path/Frameworks",
				);
				PRODUCT_BUNDLE_IDENTIFIER = hackCMU.concertAppTests;
				PRODUCT_NAME = "$(TARGET_NAME)";
				TARGETED_DEVICE_FAMILY = "1,2";
				TEST_HOST = "$(BUILT_PRODUCTS_DIR)/concertApp.app/concertApp";
			};
			name = Debug;
		};
		CE0FCEE12155EA5A00A055AC /* Release */ = {
			isa = XCBuildConfiguration;
			baseConfigurationReference = FAB23891AA5DFA8DCF913162 /* Pods-concertAppTests.release.xcconfig */;
			buildSettings = {
				BUNDLE_LOADER = "$(TEST_HOST)";
				CODE_SIGN_STYLE = Automatic;
				DEVELOPMENT_TEAM = HDF54N6KHN;
				INFOPLIST_FILE = concertAppTests/Info.plist;
				LD_RUNPATH_SEARCH_PATHS = (
					"$(inherited)",
					"@executable_path/Frameworks",
					"@loader_path/Frameworks",
				);
				PRODUCT_BUNDLE_IDENTIFIER = hackCMU.concertAppTests;
				PRODUCT_NAME = "$(TARGET_NAME)";
				TARGETED_DEVICE_FAMILY = "1,2";
				TEST_HOST = "$(BUILT_PRODUCTS_DIR)/concertApp.app/concertApp";
			};
			name = Release;
		};
		CE0FCEE32155EA5A00A055AC /* Debug */ = {
			isa = XCBuildConfiguration;
			baseConfigurationReference = 15EBB2BE5E2AC67AB404CC7B /* Pods-concertAppUITests.debug.xcconfig */;
			buildSettings = {
				CODE_SIGN_STYLE = Automatic;
				DEVELOPMENT_TEAM = HDF54N6KHN;
				INFOPLIST_FILE = concertAppUITests/Info.plist;
				LD_RUNPATH_SEARCH_PATHS = (
					"$(inherited)",
					"@executable_path/Frameworks",
					"@loader_path/Frameworks",
				);
				PRODUCT_BUNDLE_IDENTIFIER = hackCMU.concertAppUITests;
				PRODUCT_NAME = "$(TARGET_NAME)";
				TARGETED_DEVICE_FAMILY = "1,2";
				TEST_TARGET_NAME = concertApp;
			};
			name = Debug;
		};
		CE0FCEE42155EA5A00A055AC /* Release */ = {
			isa = XCBuildConfiguration;
			baseConfigurationReference = 86A65629526EB7CA895BEF93 /* Pods-concertAppUITests.release.xcconfig */;
			buildSettings = {
				CODE_SIGN_STYLE = Automatic;
				DEVELOPMENT_TEAM = HDF54N6KHN;
				INFOPLIST_FILE = concertAppUITests/Info.plist;
				LD_RUNPATH_SEARCH_PATHS = (
					"$(inherited)",
					"@executable_path/Frameworks",
					"@loader_path/Frameworks",
				);
				PRODUCT_BUNDLE_IDENTIFIER = hackCMU.concertAppUITests;
				PRODUCT_NAME = "$(TARGET_NAME)";
				TARGETED_DEVICE_FAMILY = "1,2";
				TEST_TARGET_NAME = concertApp;
			};
			name = Release;
		};
/* End XCBuildConfiguration section */

/* Begin XCConfigurationList section */
		CE0FCEAB2155EA5A00A055AC /* Build configuration list for PBXProject "concertApp" */ = {
			isa = XCConfigurationList;
			buildConfigurations = (
				CE0FCEDA2155EA5A00A055AC /* Debug */,
				CE0FCEDB2155EA5A00A055AC /* Release */,
			);
			defaultConfigurationIsVisible = 0;
			defaultConfigurationName = Release;
		};
		CE0FCEDC2155EA5A00A055AC /* Build configuration list for PBXNativeTarget "concertApp" */ = {
			isa = XCConfigurationList;
			buildConfigurations = (
				CE0FCEDD2155EA5A00A055AC /* Debug */,
				CE0FCEDE2155EA5A00A055AC /* Release */,
			);
			defaultConfigurationIsVisible = 0;
			defaultConfigurationName = Release;
		};
		CE0FCEDF2155EA5A00A055AC /* Build configuration list for PBXNativeTarget "concertAppTests" */ = {
			isa = XCConfigurationList;
			buildConfigurations = (
				CE0FCEE02155EA5A00A055AC /* Debug */,
				CE0FCEE12155EA5A00A055AC /* Release */,
			);
			defaultConfigurationIsVisible = 0;
			defaultConfigurationName = Release;
		};
		CE0FCEE22155EA5A00A055AC /* Build configuration list for PBXNativeTarget "concertAppUITests" */ = {
			isa = XCConfigurationList;
			buildConfigurations = (
				CE0FCEE32155EA5A00A055AC /* Debug */,
				CE0FCEE42155EA5A00A055AC /* Release */,
			);
			defaultConfigurationIsVisible = 0;
			defaultConfigurationName = Release;
		};
/* End XCConfigurationList section */
	};
	rootObject = CE0FCEA82155EA5A00A055AC /* Project object */;
}
